
Microsoft Visual Studio Solution File, Format Version 12.00
# Visual Studio Version 18
VisualStudioVersion = 18.2.11408.102 d18.0
MinimumVisualStudioVersion = 10.0.40219.1
Project("{FAE04EC0-301F-11D3-BF4B-00C04F79EFBC}") = "StarRuptureSaveEditor", "StarRuptureSaveEditor.csproj", "{395F7C0D-3E19-C020-46B6-641017018BE4}"
EndProject
Global
	GlobalSection(SolutionConfigurationPlatforms) = preSolution
		Debug|Any CPU = Debug|Any CPU
		Release|Any CPU = Release|Any CPU
	EndGlobalSection
	GlobalSection(ProjectConfigurationPlatforms) = postSolution
		{395F7C0D-3E19-C020-46B6-641017018BE4}.Debug|Any CPU.ActiveCfg = Debug|Any CPU
		{395F7C0D-3E19-C020-46B6-641017018BE4}.Debug|Any CPU.Build.0 = Debug|Any CPU
		{395F7C0D-3E19-C020-46B6-641017018BE4}.Release|Any CPU.ActiveCfg = Release|Any CPU
		{395F7C0D-3E19-C020-46B6-641017018BE4}.Release|Any CPU.Build.0 = Release|Any CPU
	EndGlobalSection
	GlobalSection(SolutionProperties) = preSolution
		HideSolutionNode = FALSE
	EndGlobalSection
	GlobalSection(ExtensibilityGlobals) = postSolution
		SolutionGuid = {B6800E72-9338-4140-BDC4-8810A860831F}
	EndGlobalSection
EndGlobal
